%{"earmark": {:hex, :earmark, "1.2.3", "206eb2e2ac1a794aa5256f3982de7a76bf4579ff91cb28d0e17ea2c9491e46a4", [], [], "hexpm"},
  "ex_doc": {:hex, :ex_doc, "0.18.1", "37c69d2ef62f24928c1f4fdc7c724ea04aecfdf500c4329185f8e3649c915baf", [], [{:earmark, "~> 1.1", [hex: :earmark, repo: "hexpm", optional: false]}], "hexpm"},
  "recon": {:hex, :recon, "2.3.2", "4444c879be323b1b133eec5241cb84bd3821ea194c740d75617e106be4744318", [], [], "hexpm"},
  "statix": {:hex, :statix, "1.0.1", "04600d22f44456544cf8b7363b3e3872419b0e0db898d7c373eef098ac7f1200", [], [], "hexpm"}}
